
Microsoft Visual Studio Solution File, Format Version 12.00
# Visual Studio Version 16
VisualStudioVersion = 16.0.32802.440
MinimumVisualStudioVersion = 10.0.40219.1
Project("{FAE04EC0-301F-11D3-BF4B-00C04F79EFBC}") = "SystemApps1_1", "SystemApps\SystemApps1_1.csproj", "{7C644D38-D26B-43E4-AD75-CB402B5D9E74}"
EndProject
Project("{FAE04EC0-301F-11D3-BF4B-00C04F79EFBC}") = "SystemApps2_1", "SystemApps2_1\SystemApps2_1.csproj", "{4764F199-DA38-46E7-8F05-A46D316C0D21}"
EndProject
Project("{FAE04EC0-301F-11D3-BF4B-00C04F79EFBC}") = "SystemApps2_2", "SystemApps2_2\SystemApps2_2.csproj", "{7B4EC75F-EE5C-45BE-A502-08A403CC12B6}"
EndProject
Project("{FAE04EC0-301F-11D3-BF4B-00C04F79EFBC}") = "SystemApps3_1", "SystemApps3_1\SystemApps3_1.csproj", "{A96D3807-CD3F-45DC-8A05-20FAE1BC1A30}"
EndProject
Project("{FAE04EC0-301F-11D3-BF4B-00C04F79EFBC}") = "SystemApps3_2", "SystemApps3_2\SystemApps3_2.csproj", "{28CF4073-7C02-4B18-91F2-13C6F6ED4BDB}"
EndProject
Project("{FAE04EC0-301F-11D3-BF4B-00C04F79EFBC}") = "SystemApps4_1", "SystemApps4_1\SystemApps4_1.csproj", "{EB246AE8-DE51-4839-B783-18E24FA3A2DE}"
EndProject
Project("{FAE04EC0-301F-11D3-BF4B-00C04F79EFBC}") = "SystemApps5_1", "SystemApps5_1\SystemApps5_1.csproj", "{E565FFF8-71C0-41C9-A5CF-89303DF25EF1}"
EndProject
Project("{FAE04EC0-301F-11D3-BF4B-00C04F79EFBC}") = "SystemApps5_2", "SystemApps5_2\SystemApps5_2.csproj", "{1A138908-4CB9-475B-BE93-FB215F345AE5}"
EndProject
Project("{FAE04EC0-301F-11D3-BF4B-00C04F79EFBC}") = "SystemApps6_1", "SystemApps6_1\SystemApps6_1.csproj", "{84212802-E93D-4F8B-81AF-34834B34BCF7}"
EndProject
Project("{FAE04EC0-301F-11D3-BF4B-00C04F79EFBC}") = "SystemApps6_2", "SystemApps6_2\SystemApps6_2.csproj", "{8CEBCFB9-A7CC-46E0-B247-2EDE30E5E4D4}"
EndProject
Project("{FAE04EC0-301F-11D3-BF4B-00C04F79EFBC}") = "SystemApps6_3", "SystemApps6_3\SystemApps6_3.csproj", "{300D1CBB-067C-4606-A66D-A41BD352BA7D}"
EndProject
Project("{FAE04EC0-301F-11D3-BF4B-00C04F79EFBC}") = "SystemApps7_1", "SystemApps7_1\SystemApps7_1.csproj", "{0F3EA339-0E69-439B-9452-F8823F8B8416}"
EndProject
Project("{FAE04EC0-301F-11D3-BF4B-00C04F79EFBC}") = "SystemApps8_1", "SystemApps8_1\SystemApps8_1.csproj", "{2A73EAB7-5AF0-4434-B81F-4BB1C9FA4374}"
EndProject
Project("{FAE04EC0-301F-11D3-BF4B-00C04F79EFBC}") = "SystemApps8_2", "SystemApps8_2\SystemApps8_2.csproj", "{98589783-579F-41AE-9A74-1405D01BDB9B}"
EndProject
Global
	GlobalSection(SolutionConfigurationPlatforms) = preSolution
		Debug|Any CPU = Debug|Any CPU
		Release|Any CPU = Release|Any CPU
	EndGlobalSection
	GlobalSection(ProjectConfigurationPlatforms) = postSolution
		{7C644D38-D26B-43E4-AD75-CB402B5D9E74}.Debug|Any CPU.ActiveCfg = Debug|Any CPU
		{7C644D38-D26B-43E4-AD75-CB402B5D9E74}.Debug|Any CPU.Build.0 = Debug|Any CPU
		{7C644D38-D26B-43E4-AD75-CB402B5D9E74}.Release|Any CPU.ActiveCfg = Release|Any CPU
		{7C644D38-D26B-43E4-AD75-CB402B5D9E74}.Release|Any CPU.Build.0 = Release|Any CPU
		{4764F199-DA38-46E7-8F05-A46D316C0D21}.Debug|Any CPU.ActiveCfg = Debug|Any CPU
		{4764F199-DA38-46E7-8F05-A46D316C0D21}.Debug|Any CPU.Build.0 = Debug|Any CPU
		{4764F199-DA38-46E7-8F05-A46D316C0D21}.Release|Any CPU.ActiveCfg = Release|Any CPU
		{4764F199-DA38-46E7-8F05-A46D316C0D21}.Release|Any CPU.Build.0 = Release|Any CPU
		{7B4EC75F-EE5C-45BE-A502-08A403CC12B6}.Debug|Any CPU.ActiveCfg = Debug|Any CPU
		{7B4EC75F-EE5C-45BE-A502-08A403CC12B6}.Debug|Any CPU.Build.0 = Debug|Any CPU
		{7B4EC75F-EE5C-45BE-A502-08A403CC12B6}.Release|Any CPU.ActiveCfg = Release|Any CPU
		{7B4EC75F-EE5C-45BE-A502-08A403CC12B6}.Release|Any CPU.Build.0 = Release|Any CPU
		{A96D3807-CD3F-45DC-8A05-20FAE1BC1A30}.Debug|Any CPU.ActiveCfg = Debug|Any CPU
		{A96D3807-CD3F-45DC-8A05-20FAE1BC1A30}.Debug|Any CPU.Build.0 = Debug|Any CPU
		{A96D3807-CD3F-45DC-8A05-20FAE1BC1A30}.Release|Any CPU.ActiveCfg = Release|Any CPU
		{A96D3807-CD3F-45DC-8A05-20FAE1BC1A30}.Release|Any CPU.Build.0 = Release|Any CPU
		{28CF4073-7C02-4B18-91F2-13C6F6ED4BDB}.Debug|Any CPU.ActiveCfg = Debug|Any CPU
		{28CF4073-7C02-4B18-91F2-13C6F6ED4BDB}.Debug|Any CPU.Build.0 = Debug|Any CPU
		{28CF4073-7C02-4B18-91F2-13C6F6ED4BDB}.Release|Any CPU.ActiveCfg = Release|Any CPU
		{28CF4073-7C02-4B18-91F2-13C6F6ED4BDB}.Release|Any CPU.Build.0 = Release|Any CPU
		{EB246AE8-DE51-4839-B783-18E24FA3A2DE}.Debug|Any CPU.ActiveCfg = Debug|Any CPU
		{EB246AE8-DE51-4839-B783-18E24FA3A2DE}.Debug|Any CPU.Build.0 = Debug|Any CPU
		{EB246AE8-DE51-4839-B783-18E24FA3A2DE}.Release|Any CPU.ActiveCfg = Release|Any CPU
		{EB246AE8-DE51-4839-B783-18E24FA3A2DE}.Release|Any CPU.Build.0 = Release|Any CPU
		{E565FFF8-71C0-41C9-A5CF-89303DF25EF1}.Debug|Any CPU.ActiveCfg = Debug|Any CPU
		{E565FFF8-71C0-41C9-A5CF-89303DF25EF1}.Debug|Any CPU.Build.0 = Debug|Any CPU
		{E565FFF8-71C0-41C9-A5CF-89303DF25EF1}.Release|Any CPU.ActiveCfg = Release|Any CPU
		{E565FFF8-71C0-41C9-A5CF-89303DF25EF1}.Release|Any CPU.Build.0 = Release|Any CPU
		{1A138908-4CB9-475B-BE93-FB215F345AE5}.Debug|Any CPU.ActiveCfg = Debug|Any CPU
		{1A138908-4CB9-475B-BE93-FB215F345AE5}.Debug|Any CPU.Build.0 = Debug|Any CPU
		{1A138908-4CB9-475B-BE93-FB215F345AE5}.Release|Any CPU.ActiveCfg = Release|Any CPU
		{1A138908-4CB9-475B-BE93-FB215F345AE5}.Release|Any CPU.Build.0 = Release|Any CPU
		{84212802-E93D-4F8B-81AF-34834B34BCF7}.Debug|Any CPU.ActiveCfg = Debug|Any CPU
		{84212802-E93D-4F8B-81AF-34834B34BCF7}.Debug|Any CPU.Build.0 = Debug|Any CPU
		{84212802-E93D-4F8B-81AF-34834B34BCF7}.Release|Any CPU.ActiveCfg = Release|Any CPU
		{84212802-E93D-4F8B-81AF-34834B34BCF7}.Release|Any CPU.Build.0 = Release|Any CPU
		{8CEBCFB9-A7CC-46E0-B247-2EDE30E5E4D4}.Debug|Any CPU.ActiveCfg = Debug|Any CPU
		{8CEBCFB9-A7CC-46E0-B247-2EDE30E5E4D4}.Debug|Any CPU.Build.0 = Debug|Any CPU
		{8CEBCFB9-A7CC-46E0-B247-2EDE30E5E4D4}.Release|Any CPU.ActiveCfg = Release|Any CPU
		{8CEBCFB9-A7CC-46E0-B247-2EDE30E5E4D4}.Release|Any CPU.Build.0 = Release|Any CPU
		{300D1CBB-067C-4606-A66D-A41BD352BA7D}.Debug|Any CPU.ActiveCfg = Debug|Any CPU
		{300D1CBB-067C-4606-A66D-A41BD352BA7D}.Debug|Any CPU.Build.0 = Debug|Any CPU
		{300D1CBB-067C-4606-A66D-A41BD352BA7D}.Release|Any CPU.ActiveCfg = Release|Any CPU
		{300D1CBB-067C-4606-A66D-A41BD352BA7D}.Release|Any CPU.Build.0 = Release|Any CPU
		{0F3EA339-0E69-439B-9452-F8823F8B8416}.Debug|Any CPU.ActiveCfg = Debug|Any CPU
		{0F3EA339-0E69-439B-9452-F8823F8B8416}.Debug|Any CPU.Build.0 = Debug|Any CPU
		{0F3EA339-0E69-439B-9452-F8823F8B8416}.Release|Any CPU.ActiveCfg = Release|Any CPU
		{0F3EA339-0E69-439B-9452-F8823F8B8416}.Release|Any CPU.Build.0 = Release|Any CPU
		{2A73EAB7-5AF0-4434-B81F-4BB1C9FA4374}.Debug|Any CPU.ActiveCfg = Debug|Any CPU
		{2A73EAB7-5AF0-4434-B81F-4BB1C9FA4374}.Debug|Any CPU.Build.0 = Debug|Any CPU
		{2A73EAB7-5AF0-4434-B81F-4BB1C9FA4374}.Release|Any CPU.ActiveCfg = Release|Any CPU
		{2A73EAB7-5AF0-4434-B81F-4BB1C9FA4374}.Release|Any CPU.Build.0 = Release|Any CPU
		{98589783-579F-41AE-9A74-1405D01BDB9B}.Debug|Any CPU.ActiveCfg = Debug|Any CPU
		{98589783-579F-41AE-9A74-1405D01BDB9B}.Debug|Any CPU.Build.0 = Debug|Any CPU
		{98589783-579F-41AE-9A74-1405D01BDB9B}.Release|Any CPU.ActiveCfg = Release|Any CPU
		{98589783-579F-41AE-9A74-1405D01BDB9B}.Release|Any CPU.Build.0 = Release|Any CPU
	EndGlobalSection
	GlobalSection(SolutionProperties) = preSolution
		HideSolutionNode = FALSE
	EndGlobalSection
	GlobalSection(ExtensibilityGlobals) = postSolution
		SolutionGuid = {2FFB26A5-0E90-485F-8B68-0C4839DF5F49}
	EndGlobalSection
EndGlobal
